
Microsoft Visual Studio Solution File, Format Version 12.00
# Visual Studio 2012
Project("{FAE04EC0-301F-11D3-BF4B-00C04F79EFBC}") = "Inceptum.Raft", "Inceptum.Raft\Inceptum.Raft.csproj", "{FAE41479-D32A-45F7-B57D-ADAF5E5D1AC8}"
EndProject
Project("{FAE04EC0-301F-11D3-BF4B-00C04F79EFBC}") = "Inceptum.Raft.Tests", "Inceptum.Raft.Tests\Inceptum.Raft.Tests.csproj", "{76F99BD4-F094-4CD0-BC66-7DDAD79033C0}"
EndProject
Project("{2150E333-8FDC-42A3-9474-1A3956D46DE8}") = ".nuget", ".nuget", "{B1589A32-2570-4BF3-AC7E-B04EECB83E5C}"
	ProjectSection(SolutionItems) = preProject
		.nuget\NuGet.Config = .nuget\NuGet.Config
		.nuget\NuGet.exe = .nuget\NuGet.exe
		.nuget\NuGet.targets = .nuget\NuGet.targets
	EndProjectSection
EndProject
Project("{FAE04EC0-301F-11D3-BF4B-00C04F79EFBC}") = "TestConsoleApplication", "TestConsoleApplication\TestConsoleApplication.csproj", "{B04A4841-D09E-40E7-961B-95BA8A9756EB}"
EndProject
Global
	GlobalSection(SolutionConfigurationPlatforms) = preSolution
		Debug|Any CPU = Debug|Any CPU
		Release|Any CPU = Release|Any CPU
	EndGlobalSection
	GlobalSection(ProjectConfigurationPlatforms) = postSolution
		{FAE41479-D32A-45F7-B57D-ADAF5E5D1AC8}.Debug|Any CPU.ActiveCfg = Debug|Any CPU
		{FAE41479-D32A-45F7-B57D-ADAF5E5D1AC8}.Debug|Any CPU.Build.0 = Debug|Any CPU
		{FAE41479-D32A-45F7-B57D-ADAF5E5D1AC8}.Release|Any CPU.ActiveCfg = Release|Any CPU
		{FAE41479-D32A-45F7-B57D-ADAF5E5D1AC8}.Release|Any CPU.Build.0 = Release|Any CPU
		{76F99BD4-F094-4CD0-BC66-7DDAD79033C0}.Debug|Any CPU.ActiveCfg = Debug|Any CPU
		{76F99BD4-F094-4CD0-BC66-7DDAD79033C0}.Debug|Any CPU.Build.0 = Debug|Any CPU
		{76F99BD4-F094-4CD0-BC66-7DDAD79033C0}.Release|Any CPU.ActiveCfg = Release|Any CPU
		{76F99BD4-F094-4CD0-BC66-7DDAD79033C0}.Release|Any CPU.Build.0 = Release|Any CPU
		{B04A4841-D09E-40E7-961B-95BA8A9756EB}.Debug|Any CPU.ActiveCfg = Debug|Any CPU
		{B04A4841-D09E-40E7-961B-95BA8A9756EB}.Debug|Any CPU.Build.0 = Debug|Any CPU
		{B04A4841-D09E-40E7-961B-95BA8A9756EB}.Release|Any CPU.ActiveCfg = Release|Any CPU
		{B04A4841-D09E-40E7-961B-95BA8A9756EB}.Release|Any CPU.Build.0 = Release|Any CPU
	EndGlobalSection
	GlobalSection(SolutionProperties) = preSolution
		HideSolutionNode = FALSE
	EndGlobalSection
EndGlobal
